// !$*UTF8*$!
{
	archiveVersion = 1;
	classes = {
	};
	objectVersion = 46;
	objects = {

/* Begin PBXBuildFile section */
		04C05AB4EA5DE38D8708CB13 /* libPods-HHDRSSReaderTests.a in Frameworks */ = {isa = PBXBuildFile; fileRef = 9D8219813583559109D347D3 /* libPods-HHDRSSReaderTests.a */; };
		6E1A64451B3D21B100991FD1 /* LandScapeLayout.m in Sources */ = {isa = PBXBuildFile; fileRef = 6E1A64441B3D21B100991FD1 /* LandScapeLayout.m */; };
		6E3D717F1B326E3400F37BC2 /* MenuFlowLayout.m in Sources */ = {isa = PBXBuildFile; fileRef = 6E3D717E1B326E3400F37BC2 /* MenuFlowLayout.m */; };
		6E5F4E221B2819FE007EE14D /* SMXMLDocument.m in Sources */ = {isa = PBXBuildFile; fileRef = 6E5F4E211B2819FE007EE14D /* SMXMLDocument.m */; };
		6E5F4E721B2FC095007EE14D /* HHDHTMLParser.m in Sources */ = {isa = PBXBuildFile; fileRef = 6E5F4E711B2FC095007EE14D /* HHDHTMLParser.m */; };
		6E5F4E761B300D45007EE14D /* RSSDataFetching.m in Sources */ = {isa = PBXBuildFile; fileRef = 6E5F4E751B300D45007EE14D /* RSSDataFetching.m */; };
		6E69FD661B3117FA0066869D /* ZhiHuArticle.m in Sources */ = {isa = PBXBuildFile; fileRef = 6E69FD651B3117FA0066869D /* ZhiHuArticle.m */; };
		6E69FD691B311D210066869D /* MenuCollectionViewController.m in Sources */ = {isa = PBXBuildFile; fileRef = 6E69FD681B311D210066869D /* MenuCollectionViewController.m */; };
		6E6EFEC11B7B431800E34277 /* PresisitentStack.m in Sources */ = {isa = PBXBuildFile; fileRef = 6E6EFEC01B7B431800E34277 /* PresisitentStack.m */; };
		6E79F8B71B37B7DE00E9ABFA /* TransitionManager.m in Sources */ = {isa = PBXBuildFile; fileRef = 6E79F8B61B37B7DE00E9ABFA /* TransitionManager.m */; };
		6E79F8BA1B37E0A700E9ABFA /* DetailViewController.m in Sources */ = {isa = PBXBuildFile; fileRef = 6E79F8B91B37E0A700E9ABFA /* DetailViewController.m */; };
		6EB038651B7447E7000BE928 /* ZhihuArticle.xcdatamodeld in Sources */ = {isa = PBXBuildFile; fileRef = 6EB038631B7447E7000BE928 /* ZhihuArticle.xcdatamodeld */; };
		6EBF59EC1B380E7C00ADE310 /* MenuCollectionViewCell.m in Sources */ = {isa = PBXBuildFile; fileRef = 6EBF59EB1B380E7C00ADE310 /* MenuCollectionViewCell.m */; };
		6EC1570A1B26E710003E7D2C /* main.m in Sources */ = {isa = PBXBuildFile; fileRef = 6EC157091B26E710003E7D2C /* main.m */; };
		6EC1570D1B26E710003E7D2C /* AppDelegate.m in Sources */ = {isa = PBXBuildFile; fileRef = 6EC1570C1B26E710003E7D2C /* AppDelegate.m */; };
		6EC157131B26E710003E7D2C /* Main.storyboard in Resources */ = {isa = PBXBuildFile; fileRef = 6EC157111B26E710003E7D2C /* Main.storyboard */; };
		6EC157151B26E710003E7D2C /* Images.xcassets in Resources */ = {isa = PBXBuildFile; fileRef = 6EC157141B26E710003E7D2C /* Images.xcassets */; };
		6EC157181B26E710003E7D2C /* LaunchScreen.xib in Resources */ = {isa = PBXBuildFile; fileRef = 6EC157161B26E710003E7D2C /* LaunchScreen.xib */; };
		6EC157241B26E710003E7D2C /* HHDRSSReaderTests.m in Sources */ = {isa = PBXBuildFile; fileRef = 6EC157231B26E710003E7D2C /* HHDRSSReaderTests.m */; };
		6ED833F71B7C498C007AE4D6 /* CoreData.framework in Frameworks */ = {isa = PBXBuildFile; fileRef = 6ED833F61B7C498C007AE4D6 /* CoreData.framework */; };
		6ED833FE1B7DB4C5007AE4D6 /* HHDZhiHuDBHelper.m in Sources */ = {isa = PBXBuildFile; fileRef = 6ED833FD1B7DB4C5007AE4D6 /* HHDZhiHuDBHelper.m */; };
		F4A6D25FE0165CA662D0EAE2 /* libPods-HHDRSSReader.a in Frameworks */ = {isa = PBXBuildFile; fileRef = 25136AC90426E58E1BB453BF /* libPods-HHDRSSReader.a */; };
/* End PBXBuildFile section */

/* Begin PBXContainerItemProxy section */
		6EC1571E1B26E710003E7D2C /* PBXContainerItemProxy */ = {
			isa = PBXContainerItemProxy;
			containerPortal = 6EC156FC1B26E710003E7D2C /* Project object */;
			proxyType = 1;
			remoteGlobalIDString = 6EC157031B26E710003E7D2C;
			remoteInfo = HHDRSSReader;
		};
/* End PBXContainerItemProxy section */

/* Begin PBXFileReference section */
		01813BA5C2DC55686B054E08 /* Pods-HHDRSSReader.debug.xcconfig */ = {isa = PBXFileReference; includeInIndex = 1; lastKnownFileType = text.xcconfig; name = "Pods-HHDRSSReader.debug.xcconfig"; path = "Pods/Target Support Files/Pods-HHDRSSReader/Pods-HHDRSSReader.debug.xcconfig"; sourceTree = "<group>"; };
		25136AC90426E58E1BB453BF /* libPods-HHDRSSReader.a */ = {isa = PBXFileReference; explicitFileType = archive.ar; includeInIndex = 0; path = "libPods-HHDRSSReader.a"; sourceTree = BUILT_PRODUCTS_DIR; };
		45760DEC9C9757EF0C3F7B2C /* Pods-HHDRSSReaderTests.debug.xcconfig */ = {isa = PBXFileReference; includeInIndex = 1; lastKnownFileType = text.xcconfig; name = "Pods-HHDRSSReaderTests.debug.xcconfig"; path = "Pods/Target Support Files/Pods-HHDRSSReaderTests/Pods-HHDRSSReaderTests.debug.xcconfig"; sourceTree = "<group>"; };
		50D56993CB448DFDE1EB4C0E /* Pods-HHDRSSReaderTests.release.xcconfig */ = {isa = PBXFileReference; includeInIndex = 1; lastKnownFileType = text.xcconfig; name = "Pods-HHDRSSReaderTests.release.xcconfig"; path = "Pods/Target Support Files/Pods-HHDRSSReaderTests/Pods-HHDRSSReaderTests.release.xcconfig"; sourceTree = "<group>"; };
		65892E87B549AA8CF170C29C /* Pods-HHDRSSReader.release.xcconfig */ = {isa = PBXFileReference; includeInIndex = 1; lastKnownFileType = text.xcconfig; name = "Pods-HHDRSSReader.release.xcconfig"; path = "Pods/Target Support Files/Pods-HHDRSSReader/Pods-HHDRSSReader.release.xcconfig"; sourceTree = "<group>"; };
		6E1A64431B3D21B100991FD1 /* LandScapeLayout.h */ = {isa = PBXFileReference; fileEncoding = 4; lastKnownFileType = sourcecode.c.h; path = LandScapeLayout.h; sourceTree = "<group>"; };
		6E1A64441B3D21B100991FD1 /* LandScapeLayout.m */ = {isa = PBXFileReference; fileEncoding = 4; lastKnownFileType = sourcecode.c.objc; path = LandScapeLayout.m; sourceTree = "<group>"; };
		6E3D717D1B326E3400F37BC2 /* MenuFlowLayout.h */ = {isa = PBXFileReference; fileEncoding = 4; lastKnownFileType = sourcecode.c.h; path = MenuFlowLayout.h; sourceTree = "<group>"; };
		6E3D717E1B326E3400F37BC2 /* MenuFlowLayout.m */ = {isa = PBXFileReference; fileEncoding = 4; lastKnownFileType = sourcecode.c.objc; path = MenuFlowLayout.m; sourceTree = "<group>"; };
		6E5F4E201B2819FE007EE14D /* SMXMLDocument.h */ = {isa = PBXFileReference; fileEncoding = 4; lastKnownFileType = sourcecode.c.h; path = SMXMLDocument.h; sourceTree = "<group>"; };
		6E5F4E211B2819FE007EE14D /* SMXMLDocument.m */ = {isa = PBXFileReference; fileEncoding = 4; lastKnownFileType = sourcecode.c.objc; path = SMXMLDocument.m; sourceTree = "<group>"; };
		6E5F4E701B2FC095007EE14D /* HHDHTMLParser.h */ = {isa = PBXFileReference; fileEncoding = 4; lastKnownFileType = sourcecode.c.h; path = HHDHTMLParser.h; sourceTree = "<group>"; };
		6E5F4E711B2FC095007EE14D /* HHDHTMLParser.m */ = {isa = PBXFileReference; fileEncoding = 4; lastKnownFileType = sourcecode.c.objc; path = HHDHTMLParser.m; sourceTree = "<group>"; };
		6E5F4E741B300D45007EE14D /* RSSDataFetching.h */ = {isa = PBXFileReference; fileEncoding = 4; lastKnownFileType = sourcecode.c.h; name = RSSDataFetching.h; path = ../RSSDataFetching.h; sourceTree = "<group>"; };
		6E5F4E751B300D45007EE14D /* RSSDataFetching.m */ = {isa = PBXFileReference; fileEncoding = 4; lastKnownFileType = sourcecode.c.objc; name = RSSDataFetching.m; path = ../RSSDataFetching.m; sourceTree = "<group>"; };
		6E69FD641B3117FA0066869D /* ZhiHuArticle.h */ = {isa = PBXFileReference; fileEncoding = 4; lastKnownFileType = sourcecode.c.h; name = ZhiHuArticle.h; path = ../ZhiHuArticle.h; sourceTree = "<group>"; };
		6E69FD651B3117FA0066869D /* ZhiHuArticle.m */ = {isa = PBXFileReference; fileEncoding = 4; lastKnownFileType = sourcecode.c.objc; name = ZhiHuArticle.m; path = ../ZhiHuArticle.m; sourceTree = "<group>"; };
		6E69FD671B311D210066869D /* MenuCollectionViewController.h */ = {isa = PBXFileReference; fileEncoding = 4; lastKnownFileType = sourcecode.c.h; path = MenuCollectionViewController.h; sourceTree = "<group>"; };
		6E69FD681B311D210066869D /* MenuCollectionViewController.m */ = {isa = PBXFileReference; fileEncoding = 4; lastKnownFileType = sourcecode.c.objc; path = MenuCollectionViewController.m; sourceTree = "<group>"; };
		6E6EFEBF1B7B431800E34277 /* PresisitentStack.h */ = {isa = PBXFileReference; fileEncoding = 4; lastKnownFileType = sourcecode.c.h; path = PresisitentStack.h; sourceTree = "<group>"; };
		6E6EFEC01B7B431800E34277 /* PresisitentStack.m */ = {isa = PBXFileReference; fileEncoding = 4; lastKnownFileType = sourcecode.c.objc; path = PresisitentStack.m; sourceTree = "<group>"; };
		6E79F8B51B37B7DE00E9ABFA /* TransitionManager.h */ = {isa = PBXFileReference; fileEncoding = 4; lastKnownFileType = sourcecode.c.h; path = TransitionManager.h; sourceTree = "<group>"; };
		6E79F8B61B37B7DE00E9ABFA /* TransitionManager.m */ = {isa = PBXFileReference; fileEncoding = 4; lastKnownFileType = sourcecode.c.objc; path = TransitionManager.m; sourceTree = "<group>"; };
		6E79F8B81B37E0A700E9ABFA /* DetailViewController.h */ = {isa = PBXFileReference; fileEncoding = 4; lastKnownFileType = sourcecode.c.h; path = DetailViewController.h; sourceTree = "<group>"; };
		6E79F8B91B37E0A700E9ABFA /* DetailViewController.m */ = {isa = PBXFileReference; fileEncoding = 4; lastKnownFileType = sourcecode.c.objc; path = DetailViewController.m; sourceTree = "<group>"; };
		6EB038641B7447E7000BE928 /* ZhihuArticle.xcdatamodel */ = {isa = PBXFileReference; lastKnownFileType = wrapper.xcdatamodel; path = ZhihuArticle.xcdatamodel; sourceTree = "<group>"; };
		6EBF59EA1B380E7C00ADE310 /* MenuCollectionViewCell.h */ = {isa = PBXFileReference; fileEncoding = 4; lastKnownFileType = sourcecode.c.h; path = MenuCollectionViewCell.h; sourceTree = "<group>"; };
		6EBF59EB1B380E7C00ADE310 /* MenuCollectionViewCell.m */ = {isa = PBXFileReference; fileEncoding = 4; lastKnownFileType = sourcecode.c.objc; path = MenuCollectionViewCell.m; sourceTree = "<group>"; };
		6EC157041B26E710003E7D2C /* HHDRSSReader.app */ = {isa = PBXFileReference; explicitFileType = wrapper.application; includeInIndex = 0; path = HHDRSSReader.app; sourceTree = BUILT_PRODUCTS_DIR; };
		6EC157081B26E710003E7D2C /* Info.plist */ = {isa = PBXFileReference; lastKnownFileType = text.plist.xml; path = Info.plist; sourceTree = "<group>"; };
		6EC157091B26E710003E7D2C /* main.m */ = {isa = PBXFileReference; lastKnownFileType = sourcecode.c.objc; path = main.m; sourceTree = "<group>"; };
		6EC1570B1B26E710003E7D2C /* AppDelegate.h */ = {isa = PBXFileReference; lastKnownFileType = sourcecode.c.h; path = AppDelegate.h; sourceTree = "<group>"; };
		6EC1570C1B26E710003E7D2C /* AppDelegate.m */ = {isa = PBXFileReference; lastKnownFileType = sourcecode.c.objc; path = AppDelegate.m; sourceTree = "<group>"; };
		6EC157121B26E710003E7D2C /* Base */ = {isa = PBXFileReference; lastKnownFileType = file.storyboard; name = Base; path = Base.lproj/Main.storyboard; sourceTree = "<group>"; };
		6EC157141B26E710003E7D2C /* Images.xcassets */ = {isa = PBXFileReference; lastKnownFileType = folder.assetcatalog; path = Images.xcassets; sourceTree = "<group>"; };
		6EC157171B26E710003E7D2C /* Base */ = {isa = PBXFileReference; lastKnownFileType = file.xib; name = Base; path = Base.lproj/LaunchScreen.xib; sourceTree = "<group>"; };
		6EC1571D1B26E710003E7D2C /* HHDRSSReaderTests.xctest */ = {isa = PBXFileReference; explicitFileType = wrapper.cfbundle; includeInIndex = 0; path = HHDRSSReaderTests.xctest; sourceTree = BUILT_PRODUCTS_DIR; };
		6EC157221B26E710003E7D2C /* Info.plist */ = {isa = PBXFileReference; lastKnownFileType = text.plist.xml; path = Info.plist; sourceTree = "<group>"; };
		6EC157231B26E710003E7D2C /* HHDRSSReaderTests.m */ = {isa = PBXFileReference; lastKnownFileType = sourcecode.c.objc; path = HHDRSSReaderTests.m; sourceTree = "<group>"; };
		6ED833F61B7C498C007AE4D6 /* CoreData.framework */ = {isa = PBXFileReference; lastKnownFileType = wrapper.framework; name = CoreData.framework; path = System/Library/Frameworks/CoreData.framework; sourceTree = SDKROOT; };
		6ED833F81B7C83DB007AE4D6 /* HHDRSSReader.pch */ = {isa = PBXFileReference; lastKnownFileType = sourcecode.c.h; path = HHDRSSReader.pch; sourceTree = "<group>"; };
		6ED833FC1B7DB4C5007AE4D6 /* HHDZhiHuDBHelper.h */ = {isa = PBXFileReference; fileEncoding = 4; lastKnownFileType = sourcecode.c.h; path = HHDZhiHuDBHelper.h; sourceTree = "<group>"; };
		6ED833FD1B7DB4C5007AE4D6 /* HHDZhiHuDBHelper.m */ = {isa = PBXFileReference; fileEncoding = 4; lastKnownFileType = sourcecode.c.objc; path = HHDZhiHuDBHelper.m; sourceTree = "<group>"; };
		9D8219813583559109D347D3 /* libPods-HHDRSSReaderTests.a */ = {isa = PBXFileReference; explicitFileType = archive.ar; includeInIndex = 0; path = "libPods-HHDRSSReaderTests.a"; sourceTree = BUILT_PRODUCTS_DIR; };
/* End PBXFileReference section */

/* Begin PBXFrameworksBuildPhase section */
		6EC157011B26E710003E7D2C /* Frameworks */ = {
			isa = PBXFrameworksBuildPhase;
			buildActionMask = 2147483647;
			files = (
				6ED833F71B7C498C007AE4D6 /* CoreData.framework in Frameworks */,
				F4A6D25FE0165CA662D0EAE2 /* libPods-HHDRSSReader.a in Frameworks */,
			);
			runOnlyForDeploymentPostprocessing = 0;
		};
		6EC1571A1B26E710003E7D2C /* Frameworks */ = {
			isa = PBXFrameworksBuildPhase;
			buildActionMask = 2147483647;
			files = (
				04C05AB4EA5DE38D8708CB13 /* libPods-HHDRSSReaderTests.a in Frameworks */,
			);
			runOnlyForDeploymentPostprocessing = 0;
		};
/* End PBXFrameworksBuildPhase section */

/* Begin PBXGroup section */
		1FC2307A14E4BA7F1D5BFE7C /* Frameworks */ = {
			isa = PBXGroup;
			children = (
				25136AC90426E58E1BB453BF /* libPods-HHDRSSReader.a */,
				9D8219813583559109D347D3 /* libPods-HHDRSSReaderTests.a */,
			);
			name = Frameworks;
			sourceTree = "<group>";
		};
		52B3BD6566B0D438268AEC64 /* Pods */ = {
			isa = PBXGroup;
			children = (
				01813BA5C2DC55686B054E08 /* Pods-HHDRSSReader.debug.xcconfig */,
				65892E87B549AA8CF170C29C /* Pods-HHDRSSReader.release.xcconfig */,
				45760DEC9C9757EF0C3F7B2C /* Pods-HHDRSSReaderTests.debug.xcconfig */,
				50D56993CB448DFDE1EB4C0E /* Pods-HHDRSSReaderTests.release.xcconfig */,
			);
			name = Pods;
			sourceTree = "<group>";
		};
		6E2F2CF01B4E303000FF2444 /* ViewController */ = {
			isa = PBXGroup;
			children = (
				6E69FD671B311D210066869D /* MenuCollectionViewController.h */,
				6E69FD681B311D210066869D /* MenuCollectionViewController.m */,
				6E79F8B81B37E0A700E9ABFA /* DetailViewController.h */,
				6E79F8B91B37E0A700E9ABFA /* DetailViewController.m */,
			);
			name = ViewController;
			sourceTree = "<group>";
		};
		6E2F2CF11B4E304F00FF2444 /* DataProcess */ = {
			isa = PBXGroup;
			children = (
				6E5F4E741B300D45007EE14D /* RSSDataFetching.h */,
				6E5F4E751B300D45007EE14D /* RSSDataFetching.m */,
				6E69FD641B3117FA0066869D /* ZhiHuArticle.h */,
				6E69FD651B3117FA0066869D /* ZhiHuArticle.m */,
				6ED833FC1B7DB4C5007AE4D6 /* HHDZhiHuDBHelper.h */,
				6ED833FD1B7DB4C5007AE4D6 /* HHDZhiHuDBHelper.m */,
				6EB038631B7447E7000BE928 /* ZhihuArticle.xcdatamodeld */,
			);
			name = DataProcess;
			sourceTree = "<group>";
		};
		6E2F2CF21B4E307C00FF2444 /* View */ = {
			isa = PBXGroup;
			children = (
				6E3D71751B326B5900F37BC2 /* Cell */,
			);
			name = View;
			sourceTree = "<group>";
		};
		6E3D71751B326B5900F37BC2 /* Cell */ = {
			isa = PBXGroup;
			children = (
				6EBF59EA1B380E7C00ADE310 /* MenuCollectionViewCell.h */,
				6EBF59EB1B380E7C00ADE310 /* MenuCollectionViewCell.m */,
			);
			name = Cell;
			sourceTree = "<group>";
		};
		6E3D71791B326BEA00F37BC2 /* MenuLayout */ = {
			isa = PBXGroup;
			children = (
				6E3D717D1B326E3400F37BC2 /* MenuFlowLayout.h */,
				6E3D717E1B326E3400F37BC2 /* MenuFlowLayout.m */,
				6E1A64431B3D21B100991FD1 /* LandScapeLayout.h */,
				6E1A64441B3D21B100991FD1 /* LandScapeLayout.m */,
			);
			name = MenuLayout;
			sourceTree = "<group>";
		};
		6E5F4E611B293E78007EE14D /* KMXMLParser */ = {
			isa = PBXGroup;
			children = (
				6E5F4E201B2819FE007EE14D /* SMXMLDocument.h */,
				6E5F4E211B2819FE007EE14D /* SMXMLDocument.m */,
			);
			name = KMXMLParser;
			sourceTree = "<group>";
		};
		6E5F4E6F1B2FC074007EE14D /* HHDHTMLParser */ = {
			isa = PBXGroup;
			children = (
				6E5F4E701B2FC095007EE14D /* HHDHTMLParser.h */,
				6E5F4E711B2FC095007EE14D /* HHDHTMLParser.m */,
			);
			name = HHDHTMLParser;
			sourceTree = "<group>";
		};
		6E79F8B11B37B74800E9ABFA /* AnimationMaster */ = {
			isa = PBXGroup;
			children = (
				6E79F8B51B37B7DE00E9ABFA /* TransitionManager.h */,
				6E79F8B61B37B7DE00E9ABFA /* TransitionManager.m */,
			);
			name = AnimationMaster;
			sourceTree = "<group>";
		};
		6EB038661B7447F2000BE928 /* DataBase */ = {
			isa = PBXGroup;
			children = (
				6E6EFEBF1B7B431800E34277 /* PresisitentStack.h */,
				6E6EFEC01B7B431800E34277 /* PresisitentStack.m */,
			);
			name = DataBase;
			sourceTree = "<group>";
		};
		6EC156FB1B26E710003E7D2C = {
			isa = PBXGroup;
			children = (
				6ED833F61B7C498C007AE4D6 /* CoreData.framework */,
				6EB038661B7447F2000BE928 /* DataBase */,
				6EC1572D1B27E963003E7D2C /* supporting */,
				6EC157061B26E710003E7D2C /* HHDRSSReader */,
				6EC157201B26E710003E7D2C /* HHDRSSReaderTests */,
				6EC157051B26E710003E7D2C /* Products */,
				52B3BD6566B0D438268AEC64 /* Pods */,
				1FC2307A14E4BA7F1D5BFE7C /* Frameworks */,
			);
			sourceTree = "<group>";
		};
		6EC157051B26E710003E7D2C /* Products */ = {
			isa = PBXGroup;
			children = (
				6EC157041B26E710003E7D2C /* HHDRSSReader.app */,
				6EC1571D1B26E710003E7D2C /* HHDRSSReaderTests.xctest */,
			);
			name = Products;
			sourceTree = "<group>";
		};
		6EC157061B26E710003E7D2C /* HHDRSSReader */ = {
			isa = PBXGroup;
			children = (
				6E2F2CF11B4E304F00FF2444 /* DataProcess */,
				6E79F8B11B37B74800E9ABFA /* AnimationMaster */,
				6E3D71791B326BEA00F37BC2 /* MenuLayout */,
				6E2F2CF01B4E303000FF2444 /* ViewController */,
				6E2F2CF21B4E307C00FF2444 /* View */,
				6EC157071B26E710003E7D2C /* Supporting Files */,
			);
			path = HHDRSSReader;
			sourceTree = "<group>";
		};
		6EC157071B26E710003E7D2C /* Supporting Files */ = {
			isa = PBXGroup;
			children = (
				6EC1570B1B26E710003E7D2C /* AppDelegate.h */,
				6EC1570C1B26E710003E7D2C /* AppDelegate.m */,
				6EC157111B26E710003E7D2C /* Main.storyboard */,
				6EC157141B26E710003E7D2C /* Images.xcassets */,
				6EC157161B26E710003E7D2C /* LaunchScreen.xib */,
				6EC157081B26E710003E7D2C /* Info.plist */,
				6EC157091B26E710003E7D2C /* main.m */,
				6ED833F81B7C83DB007AE4D6 /* HHDRSSReader.pch */,
			);
			name = "Supporting Files";
			sourceTree = "<group>";
		};
		6EC157201B26E710003E7D2C /* HHDRSSReaderTests */ = {
			isa = PBXGroup;
			children = (
				6EC157231B26E710003E7D2C /* HHDRSSReaderTests.m */,
				6EC157211B26E710003E7D2C /* Supporting Files */,
			);
			path = HHDRSSReaderTests;
			sourceTree = "<group>";
		};
		6EC157211B26E710003E7D2C /* Supporting Files */ = {
			isa = PBXGroup;
			children = (
				6EC157221B26E710003E7D2C /* Info.plist */,
			);
			name = "Supporting Files";
			sourceTree = "<group>";
		};
		6EC1572D1B27E963003E7D2C /* supporting */ = {
			isa = PBXGroup;
			children = (
				6E5F4E611B293E78007EE14D /* KMXMLParser */,
				6E5F4E6F1B2FC074007EE14D /* HHDHTMLParser */,
			);
			name = supporting;
			sourceTree = "<group>";
		};
/* End PBXGroup section */

/* Begin PBXNativeTarget section */
		6EC157031B26E710003E7D2C /* HHDRSSReader */ = {
			isa = PBXNativeTarget;
			buildConfigurationList = 6EC157271B26E710003E7D2C /* Build configuration list for PBXNativeTarget "HHDRSSReader" */;
			buildPhases = (
				81C6A466F42F4E2A107E5CD8 /* Check Pods Manifest.lock */,
				6EC157001B26E710003E7D2C /* Sources */,
				6EC157011B26E710003E7D2C /* Frameworks */,
				6EC157021B26E710003E7D2C /* Resources */,
				F3AB0B1502ED13A3444AE6BD /* Copy Pods Resources */,
			);
			buildRules = (
			);
			dependencies = (
			);
			name = HHDRSSReader;
			productName = HHDRSSReader;
			productReference = 6EC157041B26E710003E7D2C /* HHDRSSReader.app */;
			productType = "com.apple.product-type.application";
		};
		6EC1571C1B26E710003E7D2C /* HHDRSSReaderTests */ = {
			isa = PBXNativeTarget;
			buildConfigurationList = 6EC1572A1B26E710003E7D2C /* Build configuration list for PBXNativeTarget "HHDRSSReaderTests" */;
			buildPhases = (
				E38372E133824CAAEDC0F4DF /* Check Pods Manifest.lock */,
				6EC157191B26E710003E7D2C /* Sources */,
				6EC1571A1B26E710003E7D2C /* Frameworks */,
				6EC1571B1B26E710003E7D2C /* Resources */,
				9E7736DC3B772604AE43A718 /* Copy Pods Resources */,
			);
			buildRules = (
			);
			dependencies = (
				6EC1571F1B26E710003E7D2C /* PBXTargetDependency */,
			);
			name = HHDRSSReaderTests;
			productName = HHDRSSReaderTests;
			productReference = 6EC1571D1B26E710003E7D2C /* HHDRSSReaderTests.xctest */;
			productType = "com.apple.product-type.bundle.unit-test";
		};
/* End PBXNativeTarget section */

/* Begin PBXProject section */
		6EC156FC1B26E710003E7D2C /* Project object */ = {
			isa = PBXProject;
			attributes = {
				LastUpgradeCheck = 0700;
				ORGANIZATIONNAME = HHDemond;
				TargetAttributes = {
					6EC157031B26E710003E7D2C = {
						CreatedOnToolsVersion = 6.3.2;
						DevelopmentTeam = NAB48KD2L4;
					};
					6EC1571C1B26E710003E7D2C = {
						CreatedOnToolsVersion = 6.3.2;
						TestTargetID = 6EC157031B26E710003E7D2C;
					};
				};
			};
			buildConfigurationList = 6EC156FF1B26E710003E7D2C /* Build configuration list for PBXProject "HHDRSSReader" */;
			compatibilityVersion = "Xcode 3.2";
			developmentRegion = English;
			hasScannedForEncodings = 0;
			knownRegions = (
				en,
				Base,
			);
			mainGroup = 6EC156FB1B26E710003E7D2C;
			productRefGroup = 6EC157051B26E710003E7D2C /* Products */;
			projectDirPath = "";
			projectRoot = "";
			targets = (
				6EC157031B26E710003E7D2C /* HHDRSSReader */,
				6EC1571C1B26E710003E7D2C /* HHDRSSReaderTests */,
			);
		};
/* End PBXProject section */

/* Begin PBXResourcesBuildPhase section */
		6EC157021B26E710003E7D2C /* Resources */ = {
			isa = PBXResourcesBuildPhase;
			buildActionMask = 2147483647;
			files = (
				6EC157131B26E710003E7D2C /* Main.storyboard in Resources */,
				6EC157181B26E710003E7D2C /* LaunchScreen.xib in Resources */,
				6EC157151B26E710003E7D2C /* Images.xcassets in Resources */,
			);
			runOnlyForDeploymentPostprocessing = 0;
		};
		6EC1571B1B26E710003E7D2C /* Resources */ = {
			isa = PBXResourcesBuildPhase;
			buildActionMask = 2147483647;
			files = (
			);
			runOnlyForDeploymentPostprocessing = 0;
		};
/* End PBXResourcesBuildPhase section */

/* Begin PBXShellScriptBuildPhase section */
		81C6A466F42F4E2A107E5CD8 /* Check Pods Manifest.lock */ = {
			isa = PBXShellScriptBuildPhase;
			buildActionMask = 2147483647;
			files = (
			);
			inputPaths = (
			);
			name = "Check Pods Manifest.lock";
			outputPaths = (
			);
			runOnlyForDeploymentPostprocessing = 0;
			shellPath = /bin/sh;
			shellScript = "diff \"${PODS_ROOT}/../Podfile.lock\" \"${PODS_ROOT}/Manifest.lock\" > /dev/null\nif [[ $? != 0 ]] ; then\n    cat << EOM\nerror: The sandbox is not in sync with the Podfile.lock. Run 'pod install' or update your CocoaPods installation.\nEOM\n    exit 1\nfi\n";
			showEnvVarsInLog = 0;
		};
		9E7736DC3B772604AE43A718 /* Copy Pods Resources */ = {
			isa = PBXShellScriptBuildPhase;
			buildActionMask = 2147483647;
			files = (
			);
			inputPaths = (
			);
			name = "Copy Pods Resources";
			outputPaths = (
			);
			runOnlyForDeploymentPostprocessing = 0;
			shellPath = /bin/sh;
			shellScript = "\"${SRCROOT}/Pods/Target Support Files/Pods-HHDRSSReaderTests/Pods-HHDRSSReaderTests-resources.sh\"\n";
			showEnvVarsInLog = 0;
		};
		E38372E133824CAAEDC0F4DF /* Check Pods Manifest.lock */ = {
			isa = PBXShellScriptBuildPhase;
			buildActionMask = 2147483647;
			files = (
			);
			inputPaths = (
			);
			name = "Check Pods Manifest.lock";
			outputPaths = (
			);
			runOnlyForDeploymentPostprocessing = 0;
			shellPath = /bin/sh;
			shellScript = "diff \"${PODS_ROOT}/../Podfile.lock\" \"${PODS_ROOT}/Manifest.lock\" > /dev/null\nif [[ $? != 0 ]] ; then\n    cat << EOM\nerror: The sandbox is not in sync with the Podfile.lock. Run 'pod install' or update your CocoaPods installation.\nEOM\n    exit 1\nfi\n";
			showEnvVarsInLog = 0;
		};
		F3AB0B1502ED13A3444AE6BD /* Copy Pods Resources */ = {
			isa = PBXShellScriptBuildPhase;
			buildActionMask = 2147483647;
			files = (
			);
			inputPaths = (
			);
			name = "Copy Pods Resources";
			outputPaths = (
			);
			runOnlyForDeploymentPostprocessing = 0;
			shellPath = /bin/sh;
			shellScript = "\"${SRCROOT}/Pods/Target Support Files/Pods-HHDRSSReader/Pods-HHDRSSReader-resources.sh\"\n";
			showEnvVarsInLog = 0;
		};
/* End PBXShellScriptBuildPhase section */

/* Begin PBXSourcesBuildPhase section */
		6EC157001B26E710003E7D2C /* Sources */ = {
			isa = PBXSourcesBuildPhase;
			buildActionMask = 2147483647;
			files = (
				6EBF59EC1B380E7C00ADE310 /* MenuCollectionViewCell.m in Sources */,
				6E69FD661B3117FA0066869D /* ZhiHuArticle.m in Sources */,
				6EC1570D1B26E710003E7D2C /* AppDelegate.m in Sources */,
				6E5F4E761B300D45007EE14D /* RSSDataFetching.m in Sources */,
				6E69FD691B311D210066869D /* MenuCollectionViewController.m in Sources */,
				6E1A64451B3D21B100991FD1 /* LandScapeLayout.m in Sources */,
				6E79F8B71B37B7DE00E9ABFA /* TransitionManager.m in Sources */,
				6E3D717F1B326E3400F37BC2 /* MenuFlowLayout.m in Sources */,
				6E5F4E721B2FC095007EE14D /* HHDHTMLParser.m in Sources */,
				6E79F8BA1B37E0A700E9ABFA /* DetailViewController.m in Sources */,
				6E5F4E221B2819FE007EE14D /* SMXMLDocument.m in Sources */,
				6E6EFEC11B7B431800E34277 /* PresisitentStack.m in Sources */,
				6EC1570A1B26E710003E7D2C /* main.m in Sources */,
				6EB038651B7447E7000BE928 /* ZhihuArticle.xcdatamodeld in Sources */,
				6ED833FE1B7DB4C5007AE4D6 /* HHDZhiHuDBHelper.m in Sources */,
			);
			runOnlyForDeploymentPostprocessing = 0;
		};
		6EC157191B26E710003E7D2C /* Sources */ = {
			isa = PBXSourcesBuildPhase;
			buildActionMask = 2147483647;
			files = (
				6EC157241B26E710003E7D2C /* HHDRSSReaderTests.m in Sources */,
			);
			runOnlyForDeploymentPostprocessing = 0;
		};
/* End PBXSourcesBuildPhase section */

/* Begin PBXTargetDependency section */
		6EC1571F1B26E710003E7D2C /* PBXTargetDependency */ = {
			isa = PBXTargetDependency;
			target = 6EC157031B26E710003E7D2C /* HHDRSSReader */;
			targetProxy = 6EC1571E1B26E710003E7D2C /* PBXContainerItemProxy */;
		};
/* End PBXTargetDependency section */

/* Begin PBXVariantGroup section */
		6EC157111B26E710003E7D2C /* Main.storyboard */ = {
			isa = PBXVariantGroup;
			children = (
				6EC157121B26E710003E7D2C /* Base */,
			);
			name = Main.storyboard;
			sourceTree = "<group>";
		};
		6EC157161B26E710003E7D2C /* LaunchScreen.xib */ = {
			isa = PBXVariantGroup;
			children = (
				6EC157171B26E710003E7D2C /* Base */,
			);
			name = LaunchScreen.xib;
			sourceTree = "<group>";
		};
/* End PBXVariantGroup section */

/* Begin XCBuildConfiguration section */
		6EC157251B26E710003E7D2C /* Debug */ = {
			isa = XCBuildConfiguration;
			buildSettings = {
				ALWAYS_SEARCH_USER_PATHS = NO;
				CLANG_CXX_LANGUAGE_STANDARD = "gnu++0x";
				CLANG_CXX_LIBRARY = "libc++";
				CLANG_ENABLE_MODULES = YES;
				CLANG_ENABLE_OBJC_ARC = YES;
				CLANG_WARN_BOOL_CONVERSION = YES;
				CLANG_WARN_CONSTANT_CONVERSION = YES;
				CLANG_WARN_DIRECT_OBJC_ISA_USAGE = YES_ERROR;
				CLANG_WARN_EMPTY_BODY = YES;
				CLANG_WARN_ENUM_CONVERSION = YES;
				CLANG_WARN_INT_CONVERSION = YES;
				CLANG_WARN_OBJC_ROOT_CLASS = YES_ERROR;
				CLANG_WARN_UNREACHABLE_CODE = YES;
				CLANG_WARN__DUPLICATE_METHOD_MATCH = YES;
				"CODE_SIGN_IDENTITY[sdk=iphoneos*]" = "iPhone Developer";
				COPY_PHASE_STRIP = NO;
				DEBUG_INFORMATION_FORMAT = "dwarf-with-dsym";
				ENABLE_STRICT_OBJC_MSGSEND = YES;
				ENABLE_TESTABILITY = YES;
				GCC_C_LANGUAGE_STANDARD = gnu99;
				GCC_DYNAMIC_NO_PIC = NO;
				GCC_NO_COMMON_BLOCKS = YES;
				GCC_OPTIMIZATION_LEVEL = 0;
				GCC_PREPROCESSOR_DEFINITIONS = (
					"DEBUG=1",
					"$(inherited)",
				);
				GCC_SYMBOLS_PRIVATE_EXTERN = NO;
				GCC_WARN_64_TO_32_BIT_CONVERSION = YES;
				GCC_WARN_ABOUT_RETURN_TYPE = YES_ERROR;
				GCC_WARN_UNDECLARED_SELECTOR = YES;
				GCC_WARN_UNINITIALIZED_AUTOS = YES_AGGRESSIVE;
				GCC_WARN_UNUSED_FUNCTION = YES;
				GCC_WARN_UNUSED_VARIABLE = YES;
				IPHONEOS_DEPLOYMENT_TARGET = 8.3;
				MTL_ENABLE_DEBUG_INFO = YES;
				ONLY_ACTIVE_ARCH = YES;
				SDKROOT = iphoneos;
			};
			name = Debug;
		};
		6EC157261B26E710003E7D2C /* Release */ = {
			isa = XCBuildConfiguration;
			buildSettings = {
				ALWAYS_SEARCH_USER_PATHS = NO;
				CLANG_CXX_LANGUAGE_STANDARD = "gnu++0x";
				CLANG_CXX_LIBRARY = "libc++";
				CLANG_ENABLE_MODULES = YES;
				CLANG_ENABLE_OBJC_ARC = YES;
				CLANG_WARN_BOOL_CONVERSION = YES;
				CLANG_WARN_CONSTANT_CONVERSION = YES;
				CLANG_WARN_DIRECT_OBJC_ISA_USAGE = YES_ERROR;
				CLANG_WARN_EMPTY_BODY = YES;
				CLANG_WARN_ENUM_CONVERSION = YES;
				CLANG_WARN_INT_CONVERSION = YES;
				CLANG_WARN_OBJC_ROOT_CLASS = YES_ERROR;
				CLANG_WARN_UNREACHABLE_CODE = YES;
				CLANG_WARN__DUPLICATE_METHOD_MATCH = YES;
				"CODE_SIGN_IDENTITY[sdk=iphoneos*]" = "iPhone Developer";
				COPY_PHASE_STRIP = NO;
				DEBUG_INFORMATION_FORMAT = "dwarf-with-dsym";
				ENABLE_NS_ASSERTIONS = NO;
				ENABLE_STRICT_OBJC_MSGSEND = YES;
				GCC_C_LANGUAGE_STANDARD = gnu99;
				GCC_NO_COMMON_BLOCKS = YES;
				GCC_WARN_64_TO_32_BIT_CONVERSION = YES;
				GCC_WARN_ABOUT_RETURN_TYPE = YES_ERROR;
				GCC_WARN_UNDECLARED_SELECTOR = YES;
				GCC_WARN_UNINITIALIZED_AUTOS = YES_AGGRESSIVE;
				GCC_WARN_UNUSED_FUNCTION = YES;
				GCC_WARN_UNUSED_VARIABLE = YES;
				IPHONEOS_DEPLOYMENT_TARGET = 8.3;
				MTL_ENABLE_DEBUG_INFO = NO;
				SDKROOT = iphoneos;
				VALIDATE_PRODUCT = YES;
			};
			name = Release;
		};
		6EC157281B26E710003E7D2C /* Debug */ = {
			isa = XCBuildConfiguration;
			baseConfigurationReference = 01813BA5C2DC55686B054E08 /* Pods-HHDRSSReader.debug.xcconfig */;
			buildSettings = {
				ASSETCATALOG_COMPILER_APPICON_NAME = AppIcon;
				CODE_SIGN_IDENTITY = "iPhone Developer";
				"CODE_SIGN_IDENTITY[sdk=iphoneos*]" = "iPhone Developer";
				GCC_PREFIX_HEADER = HHDRSSReader/HHDRSSReader.pch;
				HEADER_SEARCH_PATHS = (
					"$(inherited)",
					/Applications/Xcode.app/Contents/Developer/Toolchains/XcodeDefault.xctoolchain/usr/include,
				);
				INFOPLIST_FILE = HHDRSSReader/Info.plist;
				IPHONEOS_DEPLOYMENT_TARGET = 9.1;
				LD_RUNPATH_SEARCH_PATHS = "$(inherited) @executable_path/Frameworks";
				OTHER_LDFLAGS = "";
				PRODUCT_BUNDLE_IDENTIFIER = "HHD.$(PRODUCT_NAME:rfc1034identifier)";
				PRODUCT_NAME = "$(TARGET_NAME)";
				PROVISIONING_PROFILE = "";
			};
			name = Debug;
		};
		6EC157291B26E710003E7D2C /* Release */ = {
			isa = XCBuildConfiguration;
			baseConfigurationReference = 65892E87B549AA8CF170C29C /* Pods-HHDRSSReader.release.xcconfig */;
			buildSettings = {
				ASSETCATALOG_COMPILER_APPICON_NAME = AppIcon;
				CODE_SIGN_IDENTITY = "iPhone Developer";
				"CODE_SIGN_IDENTITY[sdk=iphoneos*]" = "iPhone Developer";
				GCC_PREFIX_HEADER = HHDRSSReader/HHDRSSReader.pch;
				HEADER_SEARCH_PATHS = (
					"$(inherited)",
					/Applications/Xcode.app/Contents/Developer/Toolchains/XcodeDefault.xctoolchain/usr/include,
				);
				INFOPLIST_FILE = HHDRSSReader/Info.plist;
				IPHONEOS_DEPLOYMENT_TARGET = 9.1;
				LD_RUNPATH_SEARCH_PATHS = "$(inherited) @executable_path/Frameworks";
				OTHER_LDFLAGS = "";
				PRODUCT_BUNDLE_IDENTIFIER = "HHD.$(PRODUCT_NAME:rfc1034identifier)";
				PRODUCT_NAME = "$(TARGET_NAME)";
				PROVISIONING_PROFILE = "";
			};
			name = Release;
		};
		6EC1572B1B26E710003E7D2C /* Debug */ = {
			isa = XCBuildConfiguration;
			baseConfigurationReference = 45760DEC9C9757EF0C3F7B2C /* Pods-HHDRSSReaderTests.debug.xcconfig */;
			buildSettings = {
				BUNDLE_LOADER = "$(TEST_HOST)";
				FRAMEWORK_SEARCH_PATHS = (
					"$(SDKROOT)/Developer/Library/Frameworks",
					"$(inherited)",
				);
				GCC_PREPROCESSOR_DEFINITIONS = (
					"DEBUG=1",
					"$(inherited)",
				);
				INFOPLIST_FILE = HHDRSSReaderTests/Info.plist;
				LD_RUNPATH_SEARCH_PATHS = "$(inherited) @executable_path/Frameworks @loader_path/Frameworks";
				PRODUCT_BUNDLE_IDENTIFIER = "HHD.$(PRODUCT_NAME:rfc1034identifier)";
				PRODUCT_NAME = "$(TARGET_NAME)";
				TEST_HOST = "$(BUILT_PRODUCTS_DIR)/HHDRSSReader.app/HHDRSSReader";
			};
			name = Debug;
		};
		6EC1572C1B26E710003E7D2C /* Release */ = {
			isa = XCBuildConfiguration;
			baseConfigurationReference = 50D56993CB448DFDE1EB4C0E /* Pods-HHDRSSReaderTests.release.xcconfig */;
			buildSettings = {
				BUNDLE_LOADER = "$(TEST_HOST)";
				FRAMEWORK_SEARCH_PATHS = (
					"$(SDKROOT)/Developer/Library/Frameworks",
					"$(inherited)",
				);
				INFOPLIST_FILE = HHDRSSReaderTests/Info.plist;
				LD_RUNPATH_SEARCH_PATHS = "$(inherited) @executable_path/Frameworks @loader_path/Frameworks";
				PRODUCT_BUNDLE_IDENTIFIER = "HHD.$(PRODUCT_NAME:rfc1034identifier)";
				PRODUCT_NAME = "$(TARGET_NAME)";
				TEST_HOST = "$(BUILT_PRODUCTS_DIR)/HHDRSSReader.app/HHDRSSReader";
			};
			name = Release;
		};
/* End XCBuildConfiguration section */

/* Begin XCConfigurationList section */
		6EC156FF1B26E710003E7D2C /* Build configuration list for PBXProject "HHDRSSReader" */ = {
			isa = XCConfigurationList;
			buildConfigurations = (
				6EC157251B26E710003E7D2C /* Debug */,
				6EC157261B26E710003E7D2C /* Release */,
			);
			defaultConfigurationIsVisible = 0;
			defaultConfigurationName = Release;
		};
		6EC157271B26E710003E7D2C /* Build configuration list for PBXNativeTarget "HHDRSSReader" */ = {
			isa = XCConfigurationList;
			buildConfigurations = (
				6EC157281B26E710003E7D2C /* Debug */,
				6EC157291B26E710003E7D2C /* Release */,
			);
			defaultConfigurationIsVisible = 0;
			defaultConfigurationName = Release;
		};
		6EC1572A1B26E710003E7D2C /* Build configuration list for PBXNativeTarget "HHDRSSReaderTests" */ = {
			isa = XCConfigurationList;
			buildConfigurations = (
				6EC1572B1B26E710003E7D2C /* Debug */,
				6EC1572C1B26E710003E7D2C /* Release */,
			);
			defaultConfigurationIsVisible = 0;
			defaultConfigurationName = Release;
		};
/* End XCConfigurationList section */

/* Begin XCVersionGroup section */
		6EB038631B7447E7000BE928 /* ZhihuArticle.xcdatamodeld */ = {
			isa = XCVersionGroup;
			children = (
				6EB038641B7447E7000BE928 /* ZhihuArticle.xcdatamodel */,
			);
			currentVersion = 6EB038641B7447E7000BE928 /* ZhihuArticle.xcdatamodel */;
			name = ZhihuArticle.xcdatamodeld;
			path = ../ZhihuArticle.xcdatamodeld;
			sourceTree = "<group>";
			versionGroupType = wrapper.xcdatamodel;
		};
/* End XCVersionGroup section */
	};
	rootObject = 6EC156FC1B26E710003E7D2C /* Project object */;
}
